{
  "lockfile-version": 1,
  "manifest": {
    "version": 1,
    "install": {
      "poetry": {
        "pkg-path": "poetry"
      },
      "python312": {
        "pkg-path": "python312"
      }
    },
    "hook": {},
    "profile": {},
    "options": {
      "systems": [
        "aarch64-darwin",
        "aarch64-linux",
        "x86_64-darwin",
        "x86_64-linux"
      ],
      "allow": {
        "licenses": []
      },
      "semver": {}
    }
  },
  "packages": [
    {
      "attr_path": "poetry",
      "broken": false,
      "derivation": "/nix/store/qcf595z4cvcy66kik764lcs08nm06g29-python3.12-poetry-2.0.0.drv",
      "description": "Python dependency management and packaging made easy",
      "install_id": "poetry",
      "license": "MIT",
      "locked_url": "https://github.com/flox/nixpkgs?rev=852ff1d9e153d8875a83602e03fdef8a63f0ecf8",
      "name": "poetry-2.0.0",
      "pname": "poetry",
      "rev": "852ff1d9e153d8875a83602e03fdef8a63f0ecf8",
      "rev_count": 744133,
      "rev_date": "2025-01-26T09:59:49Z",
      "scrape_date": "2025-01-27T03:28:00Z",
      "stabilities": [
        "unstable"
      ],
      "unfree": false,
      "version": "2.0.0",
      "outputs_to_install": [
        "out"
      ],
      "outputs": {
        "dist": "/nix/store/fwmcz48s52f3arfa685ihj5jsvcp9p17-python3.12-poetry-2.0.0-dist",
        "out": "/nix/store/i3k3mwn3w93y3c89ny8sn4h4w9a04yw6-python3.12-poetry-2.0.0"
      },
      "system": "aarch64-darwin",
      "group": "toplevel",
      "priority": 5
    },
    {
      "attr_path": "poetry",
      "broken": false,
      "derivation": "/nix/store/17x4cs8zpci1j5v99ljljizlqxql8r65-python3.12-poetry-2.0.0.drv",
      "description": "Python dependency management and packaging made easy",
      "install_id": "poetry",
      "license": "MIT",
      "locked_url": "https://github.com/flox/nixpkgs?rev=852ff1d9e153d8875a83602e03fdef8a63f0ecf8",
      "name": "poetry-2.0.0",
      "pname": "poetry",
      "rev": "852ff1d9e153d8875a83602e03fdef8a63f0ecf8",
      "rev_count": 744133,
      "rev_date": "2025-01-26T09:59:49Z",
      "scrape_date": "2025-01-27T03:28:00Z",
      "stabilities": [
        "unstable"
      ],
      "unfree": false,
      "version": "2.0.0",
      "outputs_to_install": [
        "out"
      ],
      "outputs": {
        "dist": "/nix/store/0jfpiqrgkpg2x2kxk5mmyxvbvjgib20b-python3.12-poetry-2.0.0-dist",
        "out": "/nix/store/2pcagvmw8xszz9m6swh0ikqvh1a9nk6k-python3.12-poetry-2.0.0"
      },
      "system": "aarch64-linux",
      "group": "toplevel",
      "priority": 5
    },
    {
      "attr_path": "poetry",
      "broken": false,
      "derivation": "/nix/store/7m3rakch03vhvp3ay677qm6pz1q54qh6-python3.12-poetry-2.0.0.drv",
      "description": "Python dependency management and packaging made easy",
      "install_id": "poetry",
      "license": "MIT",
      "locked_url": "https://github.com/flox/nixpkgs?rev=852ff1d9e153d8875a83602e03fdef8a63f0ecf8",
      "name": "poetry-2.0.0",
      "pname": "poetry",
      "rev": "852ff1d9e153d8875a83602e03fdef8a63f0ecf8",
      "rev_count": 744133,
      "rev_date": "2025-01-26T09:59:49Z",
      "scrape_date": "2025-01-27T03:28:00Z",
      "stabilities": [
        "unstable"
      ],
      "unfree": false,
      "version": "2.0.0",
      "outputs_to_install": [
        "out"
      ],
      "outputs": {
        "dist": "/nix/store/y2s9rfqi9w9nx49ms8ybalan2balnij3-python3.12-poetry-2.0.0-dist",
        "out": "/nix/store/c0cfqhgg74vi9c0zynx5s7qn2xkq55x2-python3.12-poetry-2.0.0"
      },
      "system": "x86_64-darwin",
      "group": "toplevel",
      "priority": 5
    },
    {
      "attr_path": "poetry",
      "broken": false,
      "derivation": "/nix/store/vldwmrv2225m083fknxb774p3968jrmk-python3.12-poetry-2.0.0.drv",
      "description": "Python dependency management and packaging made easy",
      "install_id": "poetry",
      "license": "MIT",
      "locked_url": "https://github.com/flox/nixpkgs?rev=852ff1d9e153d8875a83602e03fdef8a63f0ecf8",
      "name": "poetry-2.0.0",
      "pname": "poetry",
      "rev": "852ff1d9e153d8875a83602e03fdef8a63f0ecf8",
      "rev_count": 744133,
      "rev_date": "2025-01-26T09:59:49Z",
      "scrape_date": "2025-01-27T03:28:00Z",
      "stabilities": [
        "unstable"
      ],
      "unfree": false,
      "version": "2.0.0",
      "outputs_to_install": [
        "out"
      ],
      "outputs": {
        "dist": "/nix/store/zspv7ffc63a7avxbfkqq7m0h655y4d30-python3.12-poetry-2.0.0-dist",
        "out": "/nix/store/nf30ysd92rd2ky2637zs6j3ww5lk36w1-python3.12-poetry-2.0.0"
      },
      "system": "x86_64-linux",
      "group": "toplevel",
      "priority": 5
    },
    {
      "attr_path": "python312",
      "broken": false,
      "derivation": "/nix/store/fl940lg3mxbaipy5zx7wcd952yclnkg5-python3-3.12.8.drv",
      "description": "High-level dynamically-typed programming language",
      "install_id": "python312",
      "license": "Python-2.0",
      "locked_url": "https://github.com/flox/nixpkgs?rev=852ff1d9e153d8875a83602e03fdef8a63f0ecf8",
      "name": "python3-3.12.8",
      "pname": "python312",
      "rev": "852ff1d9e153d8875a83602e03fdef8a63f0ecf8",
      "rev_count": 744133,
      "rev_date": "2025-01-26T09:59:49Z",
      "scrape_date": "2025-01-27T03:28:00Z",
      "stabilities": [
        "unstable"
      ],
      "unfree": false,
      "version": "python3-3.12.8",
      "outputs_to_install": [
        "out"
      ],
      "outputs": {
        "out": "/nix/store/ffxlyz7jrxxyxg70cn3h961lr91lan2j-python3-3.12.8"
      },
      "system": "aarch64-darwin",
      "group": "toplevel",
      "priority": 5
    },
    {
      "attr_path": "python312",
      "broken": false,
      "derivation": "/nix/store/zxifdbxg585m8k58i5n52jf48s1jzf5j-python3-3.12.8.drv",
      "description": "High-level dynamically-typed programming language",
      "install_id": "python312",
      "license": "Python-2.0",
      "locked_url": "https://github.com/flox/nixpkgs?rev=852ff1d9e153d8875a83602e03fdef8a63f0ecf8",
      "name": "python3-3.12.8",
      "pname": "python312",
      "rev": "852ff1d9e153d8875a83602e03fdef8a63f0ecf8",
      "rev_count": 744133,
      "rev_date": "2025-01-26T09:59:49Z",
      "scrape_date": "2025-01-27T03:28:00Z",
      "stabilities": [
        "unstable"
      ],
      "unfree": false,
      "version": "python3-3.12.8",
      "outputs_to_install": [
        "out"
      ],
      "outputs": {
        "debug": "/nix/store/zgss40jlwqkb22z37bi8nb3jwg28sj10-python3-3.12.8-debug",
        "out": "/nix/store/p3nlssl5qqib5kysa30mqzzzp364z6fb-python3-3.12.8"
      },
      "system": "aarch64-linux",
      "group": "toplevel",
      "priority": 5
    },
    {
      "attr_path": "python312",
      "broken": false,
      "derivation": "/nix/store/0ccx6365q8i75k06jv3ypwngldmdi9l4-python3-3.12.8.drv",
      "description": "High-level dynamically-typed programming language",
      "install_id": "python312",
      "license": "Python-2.0",
      "locked_url": "https://github.com/flox/nixpkgs?rev=852ff1d9e153d8875a83602e03fdef8a63f0ecf8",
      "name": "python3-3.12.8",
      "pname": "python312",
      "rev": "852ff1d9e153d8875a83602e03fdef8a63f0ecf8",
      "rev_count": 744133,
      "rev_date": "2025-01-26T09:59:49Z",
      "scrape_date": "2025-01-27T03:28:00Z",
      "stabilities": [
        "unstable"
      ],
      "unfree": false,
      "version": "python3-3.12.8",
      "outputs_to_install": [
        "out"
      ],
      "outputs": {
        "out": "/nix/store/45g1q2ama4j033d5qi2lgfzy1xmagnmf-python3-3.12.8"
      },
      "system": "x86_64-darwin",
      "group": "toplevel",
      "priority": 5
    },
    {
      "attr_path": "python312",
      "broken": false,
      "derivation": "/nix/store/f7lzb562wb7wjvmlr2vh53llhjhz6i9v-python3-3.12.8.drv",
      "description": "High-level dynamically-typed programming language",
      "install_id": "python312",
      "license": "Python-2.0",
      "locked_url": "https://github.com/flox/nixpkgs?rev=852ff1d9e153d8875a83602e03fdef8a63f0ecf8",
      "name": "python3-3.12.8",
      "pname": "python312",
      "rev": "852ff1d9e153d8875a83602e03fdef8a63f0ecf8",
      "rev_count": 744133,
      "rev_date": "2025-01-26T09:59:49Z",
      "scrape_date": "2025-01-27T03:28:00Z",
      "stabilities": [
        "unstable"
      ],
      "unfree": false,
      "version": "python3-3.12.8",
      "outputs_to_install": [
        "out"
      ],
      "outputs": {
        "debug": "/nix/store/yg7pavnh3hhw0lwfm9c4jr9yi3rq8h4r-python3-3.12.8-debug",
        "out": "/nix/store/qrc496n6fsqp4p5m5h8wmw5d5jwyw5mr-python3-3.12.8"
      },
      "system": "x86_64-linux",
      "group": "toplevel",
      "priority": 5
    }
  ]
}