{
  "lockfile-version": 1,
  "manifest": {
    "version": 1,
    "install": {
      "ffmpeg": {
        "pkg-path": "ffmpeg"
      },
      "gcc-unwrapped": {
        "pkg-path": "gcc-unwrapped"
      },
      "nodejs": {
        "pkg-path": "nodejs"
      },
      "poetry": {
        "pkg-path": "poetry"
      },
      "python312": {
        "pkg-path": "python312"
      },
      "yarn": {
        "pkg-path": "yarn"
      }
    },
    "hook": {
      "on-activate": "  # -> Set variables, create files and directories\n  # -> Perform initialization steps, e.g. create a python venv\n  # -> Useful environment variables:\n  #      - FLOX_ENV_PROJECT=/home/user/example\n  #      - FLOX_ENV=/home/user/example/.flox/run\n  #      - FLOX_ENV_CACHE=/home/user/example/.flox/cache\n  echo \"Activating Flox environment...\"\n"
    },
    "profile": {
      "common": "  eval $(poetry env activate)\n"
    },
    "options": {
      "systems": [
        "aarch64-darwin",
        "aarch64-linux",
        "x86_64-darwin",
        "x86_64-linux"
      ],
      "allow": {
        "licenses": []
      },
      "semver": {}
    }
  },
  "packages": [
    {
      "attr_path": "ffmpeg",
      "broken": false,
      "derivation": "/nix/store/xzjd43ajkd1xnszbbz08w7vxhd8l0yk3-ffmpeg-7.1.drv",
      "description": "Complete, cross-platform solution to record, convert and stream audio and video",
      "install_id": "ffmpeg",
      "license": "[ LGPL-2.1-or-later, GPL-2.0-or-later, LGPL-3.0-or-later, GPL-3.0-or-later ]",
      "locked_url": "https://github.com/flox/nixpkgs?rev=852ff1d9e153d8875a83602e03fdef8a63f0ecf8",
      "name": "ffmpeg-7.1",
      "pname": "ffmpeg",
      "rev": "852ff1d9e153d8875a83602e03fdef8a63f0ecf8",
      "rev_count": 744133,
      "rev_date": "2025-01-26T09:59:49Z",
      "scrape_date": "2025-01-27T03:28:00Z",
      "stabilities": [
        "unstable"
      ],
      "unfree": false,
      "version": "7.1",
      "outputs_to_install": [
        "bin",
        "man"
      ],
      "outputs": {
        "bin": "/nix/store/3vyh51l0zwbx7337injvmw2kz7v5x0jm-ffmpeg-7.1-bin",
        "data": "/nix/store/ckgsf3gazzyly59p2jjzaxglmg2igsmk-ffmpeg-7.1-data",
        "dev": "/nix/store/y564pd4kqaq00jwqjfxc6mxmpimb22a0-ffmpeg-7.1-dev",
        "doc": "/nix/store/cf3lhdlydyww2m4ip8x6f2wb855wp4hz-ffmpeg-7.1-doc",
        "lib": "/nix/store/dkwl6m0wxbl334j2pdw1qx1dyi298qx1-ffmpeg-7.1-lib",
        "man": "/nix/store/arf0gsxx4821rdiw002ybb0d7423kywv-ffmpeg-7.1-man",
        "out": "/nix/store/87z39c3p7pq3y85rf30f17kivhmgz5vp-ffmpeg-7.1"
      },
      "system": "aarch64-darwin",
      "group": "toplevel",
      "priority": 5
    },
    {
      "attr_path": "ffmpeg",
      "broken": false,
      "derivation": "/nix/store/14jl9xjgplml1ybmadjjgix9syzs6wvv-ffmpeg-7.1.drv",
      "description": "Complete, cross-platform solution to record, convert and stream audio and video",
      "install_id": "ffmpeg",
      "license": "[ LGPL-2.1-or-later, GPL-2.0-or-later, LGPL-3.0-or-later, GPL-3.0-or-later ]",
      "locked_url": "https://github.com/flox/nixpkgs?rev=852ff1d9e153d8875a83602e03fdef8a63f0ecf8",
      "name": "ffmpeg-7.1",
      "pname": "ffmpeg",
      "rev": "852ff1d9e153d8875a83602e03fdef8a63f0ecf8",
      "rev_count": 744133,
      "rev_date": "2025-01-26T09:59:49Z",
      "scrape_date": "2025-01-27T03:28:00Z",
      "stabilities": [
        "unstable"
      ],
      "unfree": false,
      "version": "7.1",
      "outputs_to_install": [
        "bin",
        "man"
      ],
      "outputs": {
        "bin": "/nix/store/2rhkdzk1rc0szq16fkfdcnx04waxmw1z-ffmpeg-7.1-bin",
        "data": "/nix/store/9s4qs5s51d0djwf5svnhysrdx9syw6lm-ffmpeg-7.1-data",
        "dev": "/nix/store/ll82ccgd5nq9hgdx8cybrma8252z27mx-ffmpeg-7.1-dev",
        "doc": "/nix/store/f2fkpjpn8n9j33k888zfg3qafm401dlb-ffmpeg-7.1-doc",
        "lib": "/nix/store/9xpjqrhv5v4gs18sn3dlppp1ccp3kbxp-ffmpeg-7.1-lib",
        "man": "/nix/store/02m3gr4mnrips1laqbyb016jlrsdf5an-ffmpeg-7.1-man",
        "out": "/nix/store/vg5p8gamyyqhqyncpxrpj2adry6pc58g-ffmpeg-7.1"
      },
      "system": "aarch64-linux",
      "group": "toplevel",
      "priority": 5
    },
    {
      "attr_path": "ffmpeg",
      "broken": false,
      "derivation": "/nix/store/9j7ymsbf1irqs047m77v9prxh5jngvd2-ffmpeg-7.1.drv",
      "description": "Complete, cross-platform solution to record, convert and stream audio and video",
      "install_id": "ffmpeg",
      "license": "[ LGPL-2.1-or-later, GPL-2.0-or-later, LGPL-3.0-or-later, GPL-3.0-or-later ]",
      "locked_url": "https://github.com/flox/nixpkgs?rev=852ff1d9e153d8875a83602e03fdef8a63f0ecf8",
      "name": "ffmpeg-7.1",
      "pname": "ffmpeg",
      "rev": "852ff1d9e153d8875a83602e03fdef8a63f0ecf8",
      "rev_count": 744133,
      "rev_date": "2025-01-26T09:59:49Z",
      "scrape_date": "2025-01-27T03:28:00Z",
      "stabilities": [
        "unstable"
      ],
      "unfree": false,
      "version": "7.1",
      "outputs_to_install": [
        "bin",
        "man"
      ],
      "outputs": {
        "bin": "/nix/store/038sbz31vq1fc6kv3bjqjlld2i8fva5a-ffmpeg-7.1-bin",
        "data": "/nix/store/vii4bma2bqbg3cm526dh1qxms497rssr-ffmpeg-7.1-data",
        "dev": "/nix/store/759rmkjky135w4n5xskgpfnnz8lmdzv6-ffmpeg-7.1-dev",
        "doc": "/nix/store/qnds6da30fdakrlb4xcx0zxbgy4sgy7l-ffmpeg-7.1-doc",
        "lib": "/nix/store/c9wzw98xlnhz371h7qyzn1gkkm22k0c8-ffmpeg-7.1-lib",
        "man": "/nix/store/lwcyd2jzjhn568n8vhxj3v4cz9mgiqvy-ffmpeg-7.1-man",
        "out": "/nix/store/wp9inha2y7g4k2slyrk7da1j4wd8b6rr-ffmpeg-7.1"
      },
      "system": "x86_64-darwin",
      "group": "toplevel",
      "priority": 5
    },
    {
      "attr_path": "ffmpeg",
      "broken": false,
      "derivation": "/nix/store/y2pr5nl82k7q7bzjqkv63qj67yxcn1xn-ffmpeg-7.1.drv",
      "description": "Complete, cross-platform solution to record, convert and stream audio and video",
      "install_id": "ffmpeg",
      "license": "[ LGPL-2.1-or-later, GPL-2.0-or-later, LGPL-3.0-or-later, GPL-3.0-or-later ]",
      "locked_url": "https://github.com/flox/nixpkgs?rev=852ff1d9e153d8875a83602e03fdef8a63f0ecf8",
      "name": "ffmpeg-7.1",
      "pname": "ffmpeg",
      "rev": "852ff1d9e153d8875a83602e03fdef8a63f0ecf8",
      "rev_count": 744133,
      "rev_date": "2025-01-26T09:59:49Z",
      "scrape_date": "2025-01-27T03:28:00Z",
      "stabilities": [
        "unstable"
      ],
      "unfree": false,
      "version": "7.1",
      "outputs_to_install": [
        "bin",
        "man"
      ],
      "outputs": {
        "bin": "/nix/store/38na74whzaxfcj4zarz15kngn8gdw61n-ffmpeg-7.1-bin",
        "data": "/nix/store/vh57iqizwcqz82bbgsaqhyy46jmf8jvn-ffmpeg-7.1-data",
        "dev": "/nix/store/mviia480ziysq9hl49avk00k4ya7z34b-ffmpeg-7.1-dev",
        "doc": "/nix/store/bk7fyl5xi2g40sw4qzk9sr82jgnm2v33-ffmpeg-7.1-doc",
        "lib": "/nix/store/bglv1mbxf9n4s3qxpgwqzka6r58fxzy5-ffmpeg-7.1-lib",
        "man": "/nix/store/pghgbcsc8ydgqb8gcy9h3vdjhpnznkj5-ffmpeg-7.1-man",
        "out": "/nix/store/jfqdkx73z5nnqf5w5l6yi37myk7zfnb9-ffmpeg-7.1"
      },
      "system": "x86_64-linux",
      "group": "toplevel",
      "priority": 5
    },
    {
      "attr_path": "gcc-unwrapped",
      "broken": false,
      "derivation": "/nix/store/khyqvz3p0q48h28y8j4q230c2rpx5vf9-gcc-14-20241116.drv",
      "description": "GNU Compiler Collection, version 14-20241116",
      "install_id": "gcc-unwrapped",
      "license": "GPL-3.0-or-later",
      "locked_url": "https://github.com/flox/nixpkgs?rev=852ff1d9e153d8875a83602e03fdef8a63f0ecf8",
      "name": "gcc-14-20241116",
      "pname": "gcc-unwrapped",
      "rev": "852ff1d9e153d8875a83602e03fdef8a63f0ecf8",
      "rev_count": 744133,
      "rev_date": "2025-01-26T09:59:49Z",
      "scrape_date": "2025-01-27T03:28:00Z",
      "stabilities": [
        "unstable"
      ],
      "unfree": false,
      "version": "gcc-14-20241116",
      "outputs_to_install": [
        "man",
        "out"
      ],
      "outputs": {
        "info": "/nix/store/2iphcqjxanhp0q7lrqilgwd08cmizc00-gcc-14-20241116-info",
        "lib": "/nix/store/1q9s9mz3bsn9mzqd2dqvbmh8qhl0i8fj-gcc-14-20241116-lib",
        "man": "/nix/store/24v95xr4w7yiq6vfwy4arc5mv385aik3-gcc-14-20241116-man",
        "out": "/nix/store/9wxa0vbda632xpgj22rwz57lzlzp3yxy-gcc-14-20241116"
      },
      "system": "aarch64-darwin",
      "group": "toplevel",
      "priority": 5
    },
    {
      "attr_path": "gcc-unwrapped",
      "broken": false,
      "derivation": "/nix/store/ifr08jrblzrkxwy4ip7wasg5i7332288-gcc-14-20241116.drv",
      "description": "GNU Compiler Collection, version 14-20241116",
      "install_id": "gcc-unwrapped",
      "license": "GPL-3.0-or-later",
      "locked_url": "https://github.com/flox/nixpkgs?rev=852ff1d9e153d8875a83602e03fdef8a63f0ecf8",
      "name": "gcc-14-20241116",
      "pname": "gcc-unwrapped",
      "rev": "852ff1d9e153d8875a83602e03fdef8a63f0ecf8",
      "rev_count": 744133,
      "rev_date": "2025-01-26T09:59:49Z",
      "scrape_date": "2025-01-27T03:28:00Z",
      "stabilities": [
        "unstable"
      ],
      "unfree": false,
      "version": "gcc-14-20241116",
      "outputs_to_install": [
        "man",
        "out"
      ],
      "outputs": {
        "checksum": "/nix/store/x9jggha6wbc3g6qnzkrm62xj54jqsrk7-gcc-14-20241116-checksum",
        "info": "/nix/store/ir80cpifqm0pbwbd2n0a53fw9wgns7l0-gcc-14-20241116-info",
        "lib": "/nix/store/jz74r8n6z6vnar0rqr4wy19s1b2mva1h-gcc-14-20241116-lib",
        "libgcc": "/nix/store/m3b6gjylfhjssq3qj8jzdg6w2mndl2y1-gcc-14-20241116-libgcc",
        "man": "/nix/store/h9svkir9ry9cgcf6l7fmp4gldawqp7wr-gcc-14-20241116-man",
        "out": "/nix/store/9km0dymqp5vf4rjhycdpfry1cip6q3r9-gcc-14-20241116"
      },
      "system": "aarch64-linux",
      "group": "toplevel",
      "priority": 5
    },
    {
      "attr_path": "gcc-unwrapped",
      "broken": false,
      "derivation": "/nix/store/bn771wlb6b0pbqrd8nna092djbv4f9kk-gcc-14-20241116.drv",
      "description": "GNU Compiler Collection, version 14-20241116",
      "install_id": "gcc-unwrapped",
      "license": "GPL-3.0-or-later",
      "locked_url": "https://github.com/flox/nixpkgs?rev=852ff1d9e153d8875a83602e03fdef8a63f0ecf8",
      "name": "gcc-14-20241116",
      "pname": "gcc-unwrapped",
      "rev": "852ff1d9e153d8875a83602e03fdef8a63f0ecf8",
      "rev_count": 744133,
      "rev_date": "2025-01-26T09:59:49Z",
      "scrape_date": "2025-01-27T03:28:00Z",
      "stabilities": [
        "unstable"
      ],
      "unfree": false,
      "version": "gcc-14-20241116",
      "outputs_to_install": [
        "man",
        "out"
      ],
      "outputs": {
        "info": "/nix/store/ca4a2wrsg0dpdqvr640f8wli4ma0war0-gcc-14-20241116-info",
        "lib": "/nix/store/63xickk08n0h9qh1qsiq3m6mlvpqf0zj-gcc-14-20241116-lib",
        "man": "/nix/store/hfkrhmbadwpc5cig4b0w1yb163icf5ci-gcc-14-20241116-man",
        "out": "/nix/store/mg083f4hcmzxs06yssw3zgcbxj9zkw9c-gcc-14-20241116"
      },
      "system": "x86_64-darwin",
      "group": "toplevel",
      "priority": 5
    },
    {
      "attr_path": "gcc-unwrapped",
      "broken": false,
      "derivation": "/nix/store/hszac7zz2wn5891b3x0viab3hvb9fv17-gcc-14-20241116.drv",
      "description": "GNU Compiler Collection, version 14-20241116",
      "install_id": "gcc-unwrapped",
      "license": "GPL-3.0-or-later",
      "locked_url": "https://github.com/flox/nixpkgs?rev=852ff1d9e153d8875a83602e03fdef8a63f0ecf8",
      "name": "gcc-14-20241116",
      "pname": "gcc-unwrapped",
      "rev": "852ff1d9e153d8875a83602e03fdef8a63f0ecf8",
      "rev_count": 744133,
      "rev_date": "2025-01-26T09:59:49Z",
      "scrape_date": "2025-01-27T03:28:00Z",
      "stabilities": [
        "unstable"
      ],
      "unfree": false,
      "version": "gcc-14-20241116",
      "outputs_to_install": [
        "man",
        "out"
      ],
      "outputs": {
        "checksum": "/nix/store/7y1zwglc174a0fxj1ly2lzjlarg24ayp-gcc-14-20241116-checksum",
        "info": "/nix/store/pi90ks4xi92ssiczfxbvg2qd9p0x40kn-gcc-14-20241116-info",
        "lib": "/nix/store/9bzm5g670567swmg6vd1l7l4q5spvc80-gcc-14-20241116-lib",
        "libgcc": "/nix/store/nmwhzmw3jxk5xx09jji890hqpx5vyvd4-gcc-14-20241116-libgcc",
        "man": "/nix/store/1lcjyigc3f60cajv1aw8r2v8hf3aybi3-gcc-14-20241116-man",
        "out": "/nix/store/gnf3mv68i5g6jmabnbbncsar3kbg13zd-gcc-14-20241116"
      },
      "system": "x86_64-linux",
      "group": "toplevel",
      "priority": 5
    },
    {
      "attr_path": "nodejs",
      "broken": false,
      "derivation": "/nix/store/ph0df492h93aw404ny7wygw7phr12w1k-nodejs-22.12.0.drv",
      "description": "Event-driven I/O framework for the V8 JavaScript engine",
      "install_id": "nodejs",
      "license": "MIT",
      "locked_url": "https://github.com/flox/nixpkgs?rev=852ff1d9e153d8875a83602e03fdef8a63f0ecf8",
      "name": "nodejs-22.12.0",
      "pname": "nodejs",
      "rev": "852ff1d9e153d8875a83602e03fdef8a63f0ecf8",
      "rev_count": 744133,
      "rev_date": "2025-01-26T09:59:49Z",
      "scrape_date": "2025-01-27T03:28:00Z",
      "stabilities": [
        "unstable"
      ],
      "unfree": false,
      "version": "22.12.0",
      "outputs_to_install": [
        "out"
      ],
      "outputs": {
        "libv8": "/nix/store/hvpmcjbmsyknlpjjd7a8na891fv4a81i-nodejs-22.12.0-libv8",
        "out": "/nix/store/ygk01vha6k5zxgn9rsxi3k6cm2kbnwsc-nodejs-22.12.0"
      },
      "system": "aarch64-darwin",
      "group": "toplevel",
      "priority": 5
    },
    {
      "attr_path": "nodejs",
      "broken": false,
      "derivation": "/nix/store/dh2pdxgcv1sidzw0amd97mfbv91wwfkm-nodejs-22.12.0.drv",
      "description": "Event-driven I/O framework for the V8 JavaScript engine",
      "install_id": "nodejs",
      "license": "MIT",
      "locked_url": "https://github.com/flox/nixpkgs?rev=852ff1d9e153d8875a83602e03fdef8a63f0ecf8",
      "name": "nodejs-22.12.0",
      "pname": "nodejs",
      "rev": "852ff1d9e153d8875a83602e03fdef8a63f0ecf8",
      "rev_count": 744133,
      "rev_date": "2025-01-26T09:59:49Z",
      "scrape_date": "2025-01-27T03:28:00Z",
      "stabilities": [
        "unstable"
      ],
      "unfree": false,
      "version": "22.12.0",
      "outputs_to_install": [
        "out"
      ],
      "outputs": {
        "libv8": "/nix/store/48is8354i9qwj194id0ncczkvzvfqhim-nodejs-22.12.0-libv8",
        "out": "/nix/store/jdgrvyf5l99rzjayicxjw7i6p98r0rlb-nodejs-22.12.0"
      },
      "system": "aarch64-linux",
      "group": "toplevel",
      "priority": 5
    },
    {
      "attr_path": "nodejs",
      "broken": false,
      "derivation": "/nix/store/988jvb04086i472mmn3lvpmdcfxprxcm-nodejs-22.12.0.drv",
      "description": "Event-driven I/O framework for the V8 JavaScript engine",
      "install_id": "nodejs",
      "license": "MIT",
      "locked_url": "https://github.com/flox/nixpkgs?rev=852ff1d9e153d8875a83602e03fdef8a63f0ecf8",
      "name": "nodejs-22.12.0",
      "pname": "nodejs",
      "rev": "852ff1d9e153d8875a83602e03fdef8a63f0ecf8",
      "rev_count": 744133,
      "rev_date": "2025-01-26T09:59:49Z",
      "scrape_date": "2025-01-27T03:28:00Z",
      "stabilities": [
        "unstable"
      ],
      "unfree": false,
      "version": "22.12.0",
      "outputs_to_install": [
        "out"
      ],
      "outputs": {
        "libv8": "/nix/store/gvys8kz8pdw62ch2x7k25rrmcw3mqnrw-nodejs-22.12.0-libv8",
        "out": "/nix/store/6fnlali5gqihxs02adk1bdzjsya9cacp-nodejs-22.12.0"
      },
      "system": "x86_64-darwin",
      "group": "toplevel",
      "priority": 5
    },
    {
      "attr_path": "nodejs",
      "broken": false,
      "derivation": "/nix/store/gf4n659kg0yj9vkpqf3pvnkq1xv1pxaj-nodejs-22.12.0.drv",
      "description": "Event-driven I/O framework for the V8 JavaScript engine",
      "install_id": "nodejs",
      "license": "MIT",
      "locked_url": "https://github.com/flox/nixpkgs?rev=852ff1d9e153d8875a83602e03fdef8a63f0ecf8",
      "name": "nodejs-22.12.0",
      "pname": "nodejs",
      "rev": "852ff1d9e153d8875a83602e03fdef8a63f0ecf8",
      "rev_count": 744133,
      "rev_date": "2025-01-26T09:59:49Z",
      "scrape_date": "2025-01-27T03:28:00Z",
      "stabilities": [
        "unstable"
      ],
      "unfree": false,
      "version": "22.12.0",
      "outputs_to_install": [
        "out"
      ],
      "outputs": {
        "libv8": "/nix/store/n7x07hrc6sjhh6as6c75g15blq1c1ykh-nodejs-22.12.0-libv8",
        "out": "/nix/store/k1r91cjalyc2mzzllpv5hklhqn8wvgjr-nodejs-22.12.0"
      },
      "system": "x86_64-linux",
      "group": "toplevel",
      "priority": 5
    },
    {
      "attr_path": "poetry",
      "broken": false,
      "derivation": "/nix/store/qcf595z4cvcy66kik764lcs08nm06g29-python3.12-poetry-2.0.0.drv",
      "description": "Python dependency management and packaging made easy",
      "install_id": "poetry",
      "license": "MIT",
      "locked_url": "https://github.com/flox/nixpkgs?rev=852ff1d9e153d8875a83602e03fdef8a63f0ecf8",
      "name": "poetry-2.0.0",
      "pname": "poetry",
      "rev": "852ff1d9e153d8875a83602e03fdef8a63f0ecf8",
      "rev_count": 744133,
      "rev_date": "2025-01-26T09:59:49Z",
      "scrape_date": "2025-01-27T03:28:00Z",
      "stabilities": [
        "unstable"
      ],
      "unfree": false,
      "version": "2.0.0",
      "outputs_to_install": [
        "out"
      ],
      "outputs": {
        "dist": "/nix/store/fwmcz48s52f3arfa685ihj5jsvcp9p17-python3.12-poetry-2.0.0-dist",
        "out": "/nix/store/i3k3mwn3w93y3c89ny8sn4h4w9a04yw6-python3.12-poetry-2.0.0"
      },
      "system": "aarch64-darwin",
      "group": "toplevel",
      "priority": 5
    },
    {
      "attr_path": "poetry",
      "broken": false,
      "derivation": "/nix/store/17x4cs8zpci1j5v99ljljizlqxql8r65-python3.12-poetry-2.0.0.drv",
      "description": "Python dependency management and packaging made easy",
      "install_id": "poetry",
      "license": "MIT",
      "locked_url": "https://github.com/flox/nixpkgs?rev=852ff1d9e153d8875a83602e03fdef8a63f0ecf8",
      "name": "poetry-2.0.0",
      "pname": "poetry",
      "rev": "852ff1d9e153d8875a83602e03fdef8a63f0ecf8",
      "rev_count": 744133,
      "rev_date": "2025-01-26T09:59:49Z",
      "scrape_date": "2025-01-27T03:28:00Z",
      "stabilities": [
        "unstable"
      ],
      "unfree": false,
      "version": "2.0.0",
      "outputs_to_install": [
        "out"
      ],
      "outputs": {
        "dist": "/nix/store/0jfpiqrgkpg2x2kxk5mmyxvbvjgib20b-python3.12-poetry-2.0.0-dist",
        "out": "/nix/store/2pcagvmw8xszz9m6swh0ikqvh1a9nk6k-python3.12-poetry-2.0.0"
      },
      "system": "aarch64-linux",
      "group": "toplevel",
      "priority": 5
    },
    {
      "attr_path": "poetry",
      "broken": false,
      "derivation": "/nix/store/7m3rakch03vhvp3ay677qm6pz1q54qh6-python3.12-poetry-2.0.0.drv",
      "description": "Python dependency management and packaging made easy",
      "install_id": "poetry",
      "license": "MIT",
      "locked_url": "https://github.com/flox/nixpkgs?rev=852ff1d9e153d8875a83602e03fdef8a63f0ecf8",
      "name": "poetry-2.0.0",
      "pname": "poetry",
      "rev": "852ff1d9e153d8875a83602e03fdef8a63f0ecf8",
      "rev_count": 744133,
      "rev_date": "2025-01-26T09:59:49Z",
      "scrape_date": "2025-01-27T03:28:00Z",
      "stabilities": [
        "unstable"
      ],
      "unfree": false,
      "version": "2.0.0",
      "outputs_to_install": [
        "out"
      ],
      "outputs": {
        "dist": "/nix/store/y2s9rfqi9w9nx49ms8ybalan2balnij3-python3.12-poetry-2.0.0-dist",
        "out": "/nix/store/c0cfqhgg74vi9c0zynx5s7qn2xkq55x2-python3.12-poetry-2.0.0"
      },
      "system": "x86_64-darwin",
      "group": "toplevel",
      "priority": 5
    },
    {
      "attr_path": "poetry",
      "broken": false,
      "derivation": "/nix/store/vldwmrv2225m083fknxb774p3968jrmk-python3.12-poetry-2.0.0.drv",
      "description": "Python dependency management and packaging made easy",
      "install_id": "poetry",
      "license": "MIT",
      "locked_url": "https://github.com/flox/nixpkgs?rev=852ff1d9e153d8875a83602e03fdef8a63f0ecf8",
      "name": "poetry-2.0.0",
      "pname": "poetry",
      "rev": "852ff1d9e153d8875a83602e03fdef8a63f0ecf8",
      "rev_count": 744133,
      "rev_date": "2025-01-26T09:59:49Z",
      "scrape_date": "2025-01-27T03:28:00Z",
      "stabilities": [
        "unstable"
      ],
      "unfree": false,
      "version": "2.0.0",
      "outputs_to_install": [
        "out"
      ],
      "outputs": {
        "dist": "/nix/store/zspv7ffc63a7avxbfkqq7m0h655y4d30-python3.12-poetry-2.0.0-dist",
        "out": "/nix/store/nf30ysd92rd2ky2637zs6j3ww5lk36w1-python3.12-poetry-2.0.0"
      },
      "system": "x86_64-linux",
      "group": "toplevel",
      "priority": 5
    },
    {
      "attr_path": "python312",
      "broken": false,
      "derivation": "/nix/store/fl940lg3mxbaipy5zx7wcd952yclnkg5-python3-3.12.8.drv",
      "description": "High-level dynamically-typed programming language",
      "install_id": "python312",
      "license": "Python-2.0",
      "locked_url": "https://github.com/flox/nixpkgs?rev=852ff1d9e153d8875a83602e03fdef8a63f0ecf8",
      "name": "python3-3.12.8",
      "pname": "python312",
      "rev": "852ff1d9e153d8875a83602e03fdef8a63f0ecf8",
      "rev_count": 744133,
      "rev_date": "2025-01-26T09:59:49Z",
      "scrape_date": "2025-01-27T03:28:00Z",
      "stabilities": [
        "unstable"
      ],
      "unfree": false,
      "version": "python3-3.12.8",
      "outputs_to_install": [
        "out"
      ],
      "outputs": {
        "out": "/nix/store/ffxlyz7jrxxyxg70cn3h961lr91lan2j-python3-3.12.8"
      },
      "system": "aarch64-darwin",
      "group": "toplevel",
      "priority": 5
    },
    {
      "attr_path": "python312",
      "broken": false,
      "derivation": "/nix/store/zxifdbxg585m8k58i5n52jf48s1jzf5j-python3-3.12.8.drv",
      "description": "High-level dynamically-typed programming language",
      "install_id": "python312",
      "license": "Python-2.0",
      "locked_url": "https://github.com/flox/nixpkgs?rev=852ff1d9e153d8875a83602e03fdef8a63f0ecf8",
      "name": "python3-3.12.8",
      "pname": "python312",
      "rev": "852ff1d9e153d8875a83602e03fdef8a63f0ecf8",
      "rev_count": 744133,
      "rev_date": "2025-01-26T09:59:49Z",
      "scrape_date": "2025-01-27T03:28:00Z",
      "stabilities": [
        "unstable"
      ],
      "unfree": false,
      "version": "python3-3.12.8",
      "outputs_to_install": [
        "out"
      ],
      "outputs": {
        "debug": "/nix/store/zgss40jlwqkb22z37bi8nb3jwg28sj10-python3-3.12.8-debug",
        "out": "/nix/store/p3nlssl5qqib5kysa30mqzzzp364z6fb-python3-3.12.8"
      },
      "system": "aarch64-linux",
      "group": "toplevel",
      "priority": 5
    },
    {
      "attr_path": "python312",
      "broken": false,
      "derivation": "/nix/store/0ccx6365q8i75k06jv3ypwngldmdi9l4-python3-3.12.8.drv",
      "description": "High-level dynamically-typed programming language",
      "install_id": "python312",
      "license": "Python-2.0",
      "locked_url": "https://github.com/flox/nixpkgs?rev=852ff1d9e153d8875a83602e03fdef8a63f0ecf8",
      "name": "python3-3.12.8",
      "pname": "python312",
      "rev": "852ff1d9e153d8875a83602e03fdef8a63f0ecf8",
      "rev_count": 744133,
      "rev_date": "2025-01-26T09:59:49Z",
      "scrape_date": "2025-01-27T03:28:00Z",
      "stabilities": [
        "unstable"
      ],
      "unfree": false,
      "version": "python3-3.12.8",
      "outputs_to_install": [
        "out"
      ],
      "outputs": {
        "out": "/nix/store/45g1q2ama4j033d5qi2lgfzy1xmagnmf-python3-3.12.8"
      },
      "system": "x86_64-darwin",
      "group": "toplevel",
      "priority": 5
    },
    {
      "attr_path": "python312",
      "broken": false,
      "derivation": "/nix/store/f7lzb562wb7wjvmlr2vh53llhjhz6i9v-python3-3.12.8.drv",
      "description": "High-level dynamically-typed programming language",
      "install_id": "python312",
      "license": "Python-2.0",
      "locked_url": "https://github.com/flox/nixpkgs?rev=852ff1d9e153d8875a83602e03fdef8a63f0ecf8",
      "name": "python3-3.12.8",
      "pname": "python312",
      "rev": "852ff1d9e153d8875a83602e03fdef8a63f0ecf8",
      "rev_count": 744133,
      "rev_date": "2025-01-26T09:59:49Z",
      "scrape_date": "2025-01-27T03:28:00Z",
      "stabilities": [
        "unstable"
      ],
      "unfree": false,
      "version": "python3-3.12.8",
      "outputs_to_install": [
        "out"
      ],
      "outputs": {
        "debug": "/nix/store/yg7pavnh3hhw0lwfm9c4jr9yi3rq8h4r-python3-3.12.8-debug",
        "out": "/nix/store/qrc496n6fsqp4p5m5h8wmw5d5jwyw5mr-python3-3.12.8"
      },
      "system": "x86_64-linux",
      "group": "toplevel",
      "priority": 5
    },
    {
      "attr_path": "yarn",
      "broken": false,
      "derivation": "/nix/store/xk6klarm90sa94vapd52myzmzmvalzbb-yarn-1.22.22.drv",
      "description": "Fast, reliable, and secure dependency management for javascript",
      "install_id": "yarn",
      "license": "BSD-2-Clause",
      "locked_url": "https://github.com/flox/nixpkgs?rev=852ff1d9e153d8875a83602e03fdef8a63f0ecf8",
      "name": "yarn-1.22.22",
      "pname": "yarn",
      "rev": "852ff1d9e153d8875a83602e03fdef8a63f0ecf8",
      "rev_count": 744133,
      "rev_date": "2025-01-26T09:59:49Z",
      "scrape_date": "2025-01-27T03:28:00Z",
      "stabilities": [
        "unstable"
      ],
      "unfree": false,
      "version": "1.22.22",
      "outputs_to_install": [
        "out"
      ],
      "outputs": {
        "out": "/nix/store/mmfij7f7gmdwj7s2w37papznjbz68y87-yarn-1.22.22"
      },
      "system": "aarch64-darwin",
      "group": "toplevel",
      "priority": 5
    },
    {
      "attr_path": "yarn",
      "broken": false,
      "derivation": "/nix/store/x6biigpi8dvgmrf0isbksxcy05h0yyar-yarn-1.22.22.drv",
      "description": "Fast, reliable, and secure dependency management for javascript",
      "install_id": "yarn",
      "license": "BSD-2-Clause",
      "locked_url": "https://github.com/flox/nixpkgs?rev=852ff1d9e153d8875a83602e03fdef8a63f0ecf8",
      "name": "yarn-1.22.22",
      "pname": "yarn",
      "rev": "852ff1d9e153d8875a83602e03fdef8a63f0ecf8",
      "rev_count": 744133,
      "rev_date": "2025-01-26T09:59:49Z",
      "scrape_date": "2025-01-27T03:28:00Z",
      "stabilities": [
        "unstable"
      ],
      "unfree": false,
      "version": "1.22.22",
      "outputs_to_install": [
        "out"
      ],
      "outputs": {
        "out": "/nix/store/gvmr94wic9z2nq310cf85nr4z39p0y7m-yarn-1.22.22"
      },
      "system": "aarch64-linux",
      "group": "toplevel",
      "priority": 5
    },
    {
      "attr_path": "yarn",
      "broken": false,
      "derivation": "/nix/store/q9qv7p7g8hfcz5dxc6gbknqj2xv54vx0-yarn-1.22.22.drv",
      "description": "Fast, reliable, and secure dependency management for javascript",
      "install_id": "yarn",
      "license": "BSD-2-Clause",
      "locked_url": "https://github.com/flox/nixpkgs?rev=852ff1d9e153d8875a83602e03fdef8a63f0ecf8",
      "name": "yarn-1.22.22",
      "pname": "yarn",
      "rev": "852ff1d9e153d8875a83602e03fdef8a63f0ecf8",
      "rev_count": 744133,
      "rev_date": "2025-01-26T09:59:49Z",
      "scrape_date": "2025-01-27T03:28:00Z",
      "stabilities": [
        "unstable"
      ],
      "unfree": false,
      "version": "1.22.22",
      "outputs_to_install": [
        "out"
      ],
      "outputs": {
        "out": "/nix/store/zm8a8x82cbrmn6g46ia30whn4bz0s22c-yarn-1.22.22"
      },
      "system": "x86_64-darwin",
      "group": "toplevel",
      "priority": 5
    },
    {
      "attr_path": "yarn",
      "broken": false,
      "derivation": "/nix/store/3x7cihranbb63i0q6lawi7py7x2589yw-yarn-1.22.22.drv",
      "description": "Fast, reliable, and secure dependency management for javascript",
      "install_id": "yarn",
      "license": "BSD-2-Clause",
      "locked_url": "https://github.com/flox/nixpkgs?rev=852ff1d9e153d8875a83602e03fdef8a63f0ecf8",
      "name": "yarn-1.22.22",
      "pname": "yarn",
      "rev": "852ff1d9e153d8875a83602e03fdef8a63f0ecf8",
      "rev_count": 744133,
      "rev_date": "2025-01-26T09:59:49Z",
      "scrape_date": "2025-01-27T03:28:00Z",
      "stabilities": [
        "unstable"
      ],
      "unfree": false,
      "version": "1.22.22",
      "outputs_to_install": [
        "out"
      ],
      "outputs": {
        "out": "/nix/store/ya1438dfd9wd41lkhyr85wpni9g3zskb-yarn-1.22.22"
      },
      "system": "x86_64-linux",
      "group": "toplevel",
      "priority": 5
    }
  ]
}